
Microsoft Visual Studio Solution File, Format Version 12.00
# Visual Studio 15
VisualStudioVersion = 15.0.27703.2026
MinimumVisualStudioVersion = 10.0.40219.1
Project("{FAE04EC0-301F-11D3-BF4B-00C04F79EFBC}") = "Cerberus.Desktop", "Cerberus.Desktop\Cerberus.Desktop.csproj", "{AD4DF8A0-22E7-4857-998E-6A2A4F41434F}"
EndProject
Project("{FAE04EC0-301F-11D3-BF4B-00C04F79EFBC}") = "Cerberus.Android", "Cerberus.Android\Cerberus.Android.csproj", "{9C0CD475-C14B-4DC2-AF13-4B8F00840D42}"
EndProject
Project("{FAE04EC0-301F-11D3-BF4B-00C04F79EFBC}") = "Cerberus.Shared", "Cerberus.Shared\Cerberus.Shared.csproj", "{6AC84A1F-1CB1-4FB0-9827-B74BBAA4E88E}"
EndProject
Project("{FAE04EC0-301F-11D3-BF4B-00C04F79EFBC}") = "Cerberus.Test", "Cerberus.Test\Cerberus.Test.csproj", "{5DBF859D-04D9-47B8-897C-B5A79DDCF9A3}"
EndProject
Global
	GlobalSection(SolutionConfigurationPlatforms) = preSolution
		Ad-Hoc|Any CPU = Ad-Hoc|Any CPU
		Ad-Hoc|ARM = Ad-Hoc|ARM
		Ad-Hoc|iPhone = Ad-Hoc|iPhone
		Ad-Hoc|iPhoneSimulator = Ad-Hoc|iPhoneSimulator
		Ad-Hoc|x64 = Ad-Hoc|x64
		Ad-Hoc|x86 = Ad-Hoc|x86
		AppStore|Any CPU = AppStore|Any CPU
		AppStore|ARM = AppStore|ARM
		AppStore|iPhone = AppStore|iPhone
		AppStore|iPhoneSimulator = AppStore|iPhoneSimulator
		AppStore|x64 = AppStore|x64
		AppStore|x86 = AppStore|x86
		Debug|Any CPU = Debug|Any CPU
		Debug|ARM = Debug|ARM
		Debug|iPhone = Debug|iPhone
		Debug|iPhoneSimulator = Debug|iPhoneSimulator
		Debug|x64 = Debug|x64
		Debug|x86 = Debug|x86
		Release|Any CPU = Release|Any CPU
		Release|ARM = Release|ARM
		Release|iPhone = Release|iPhone
		Release|iPhoneSimulator = Release|iPhoneSimulator
		Release|x64 = Release|x64
		Release|x86 = Release|x86
	EndGlobalSection
	GlobalSection(ProjectConfigurationPlatforms) = postSolution
		{AD4DF8A0-22E7-4857-998E-6A2A4F41434F}.Ad-Hoc|Any CPU.ActiveCfg = Release|Any CPU
		{AD4DF8A0-22E7-4857-998E-6A2A4F41434F}.Ad-Hoc|Any CPU.Build.0 = Release|Any CPU
		{AD4DF8A0-22E7-4857-998E-6A2A4F41434F}.Ad-Hoc|ARM.ActiveCfg = Release|Any CPU
		{AD4DF8A0-22E7-4857-998E-6A2A4F41434F}.Ad-Hoc|ARM.Build.0 = Release|Any CPU
		{AD4DF8A0-22E7-4857-998E-6A2A4F41434F}.Ad-Hoc|iPhone.ActiveCfg = Release|Any CPU
		{AD4DF8A0-22E7-4857-998E-6A2A4F41434F}.Ad-Hoc|iPhone.Build.0 = Release|Any CPU
		{AD4DF8A0-22E7-4857-998E-6A2A4F41434F}.Ad-Hoc|iPhoneSimulator.ActiveCfg = Release|Any CPU
		{AD4DF8A0-22E7-4857-998E-6A2A4F41434F}.Ad-Hoc|iPhoneSimulator.Build.0 = Release|Any CPU
		{AD4DF8A0-22E7-4857-998E-6A2A4F41434F}.Ad-Hoc|x64.ActiveCfg = Release|Any CPU
		{AD4DF8A0-22E7-4857-998E-6A2A4F41434F}.Ad-Hoc|x64.Build.0 = Release|Any CPU
		{AD4DF8A0-22E7-4857-998E-6A2A4F41434F}.Ad-Hoc|x86.ActiveCfg = Release|Any CPU
		{AD4DF8A0-22E7-4857-998E-6A2A4F41434F}.Ad-Hoc|x86.Build.0 = Release|Any CPU
		{AD4DF8A0-22E7-4857-998E-6A2A4F41434F}.AppStore|Any CPU.ActiveCfg = Release|Any CPU
		{AD4DF8A0-22E7-4857-998E-6A2A4F41434F}.AppStore|Any CPU.Build.0 = Release|Any CPU
		{AD4DF8A0-22E7-4857-998E-6A2A4F41434F}.AppStore|ARM.ActiveCfg = Release|Any CPU
		{AD4DF8A0-22E7-4857-998E-6A2A4F41434F}.AppStore|ARM.Build.0 = Release|Any CPU
		{AD4DF8A0-22E7-4857-998E-6A2A4F41434F}.AppStore|iPhone.ActiveCfg = Release|Any CPU
		{AD4DF8A0-22E7-4857-998E-6A2A4F41434F}.AppStore|iPhone.Build.0 = Release|Any CPU
		{AD4DF8A0-22E7-4857-998E-6A2A4F41434F}.AppStore|iPhoneSimulator.ActiveCfg = Release|Any CPU
		{AD4DF8A0-22E7-4857-998E-6A2A4F41434F}.AppStore|iPhoneSimulator.Build.0 = Release|Any CPU
		{AD4DF8A0-22E7-4857-998E-6A2A4F41434F}.AppStore|x64.ActiveCfg = Release|Any CPU
		{AD4DF8A0-22E7-4857-998E-6A2A4F41434F}.AppStore|x64.Build.0 = Release|Any CPU
		{AD4DF8A0-22E7-4857-998E-6A2A4F41434F}.AppStore|x86.ActiveCfg = Release|Any CPU
		{AD4DF8A0-22E7-4857-998E-6A2A4F41434F}.AppStore|x86.Build.0 = Release|Any CPU
		{AD4DF8A0-22E7-4857-998E-6A2A4F41434F}.Debug|Any CPU.ActiveCfg = Debug|Any CPU
		{AD4DF8A0-22E7-4857-998E-6A2A4F41434F}.Debug|Any CPU.Build.0 = Debug|Any CPU
		{AD4DF8A0-22E7-4857-998E-6A2A4F41434F}.Debug|ARM.ActiveCfg = Debug|Any CPU
		{AD4DF8A0-22E7-4857-998E-6A2A4F41434F}.Debug|ARM.Build.0 = Debug|Any CPU
		{AD4DF8A0-22E7-4857-998E-6A2A4F41434F}.Debug|iPhone.ActiveCfg = Debug|Any CPU
		{AD4DF8A0-22E7-4857-998E-6A2A4F41434F}.Debug|iPhone.Build.0 = Debug|Any CPU
		{AD4DF8A0-22E7-4857-998E-6A2A4F41434F}.Debug|iPhoneSimulator.ActiveCfg = Debug|Any CPU
		{AD4DF8A0-22E7-4857-998E-6A2A4F41434F}.Debug|iPhoneSimulator.Build.0 = Debug|Any CPU
		{AD4DF8A0-22E7-4857-998E-6A2A4F41434F}.Debug|x64.ActiveCfg = Debug|Any CPU
		{AD4DF8A0-22E7-4857-998E-6A2A4F41434F}.Debug|x64.Build.0 = Debug|Any CPU
		{AD4DF8A0-22E7-4857-998E-6A2A4F41434F}.Debug|x86.ActiveCfg = Debug|Any CPU
		{AD4DF8A0-22E7-4857-998E-6A2A4F41434F}.Debug|x86.Build.0 = Debug|Any CPU
		{AD4DF8A0-22E7-4857-998E-6A2A4F41434F}.Release|Any CPU.ActiveCfg = Release|Any CPU
		{AD4DF8A0-22E7-4857-998E-6A2A4F41434F}.Release|Any CPU.Build.0 = Release|Any CPU
		{AD4DF8A0-22E7-4857-998E-6A2A4F41434F}.Release|ARM.ActiveCfg = Release|Any CPU
		{AD4DF8A0-22E7-4857-998E-6A2A4F41434F}.Release|ARM.Build.0 = Release|Any CPU
		{AD4DF8A0-22E7-4857-998E-6A2A4F41434F}.Release|iPhone.ActiveCfg = Release|Any CPU
		{AD4DF8A0-22E7-4857-998E-6A2A4F41434F}.Release|iPhone.Build.0 = Release|Any CPU
		{AD4DF8A0-22E7-4857-998E-6A2A4F41434F}.Release|iPhoneSimulator.ActiveCfg = Release|Any CPU
		{AD4DF8A0-22E7-4857-998E-6A2A4F41434F}.Release|iPhoneSimulator.Build.0 = Release|Any CPU
		{AD4DF8A0-22E7-4857-998E-6A2A4F41434F}.Release|x64.ActiveCfg = Release|Any CPU
		{AD4DF8A0-22E7-4857-998E-6A2A4F41434F}.Release|x64.Build.0 = Release|Any CPU
		{AD4DF8A0-22E7-4857-998E-6A2A4F41434F}.Release|x86.ActiveCfg = Release|Any CPU
		{AD4DF8A0-22E7-4857-998E-6A2A4F41434F}.Release|x86.Build.0 = Release|Any CPU
		{9C0CD475-C14B-4DC2-AF13-4B8F00840D42}.Ad-Hoc|Any CPU.ActiveCfg = Release|Any CPU
		{9C0CD475-C14B-4DC2-AF13-4B8F00840D42}.Ad-Hoc|Any CPU.Build.0 = Release|Any CPU
		{9C0CD475-C14B-4DC2-AF13-4B8F00840D42}.Ad-Hoc|Any CPU.Deploy.0 = Release|Any CPU
		{9C0CD475-C14B-4DC2-AF13-4B8F00840D42}.Ad-Hoc|ARM.ActiveCfg = Release|Any CPU
		{9C0CD475-C14B-4DC2-AF13-4B8F00840D42}.Ad-Hoc|ARM.Build.0 = Release|Any CPU
		{9C0CD475-C14B-4DC2-AF13-4B8F00840D42}.Ad-Hoc|ARM.Deploy.0 = Release|Any CPU
		{9C0CD475-C14B-4DC2-AF13-4B8F00840D42}.Ad-Hoc|iPhone.ActiveCfg = Release|Any CPU
		{9C0CD475-C14B-4DC2-AF13-4B8F00840D42}.Ad-Hoc|iPhone.Build.0 = Release|Any CPU
		{9C0CD475-C14B-4DC2-AF13-4B8F00840D42}.Ad-Hoc|iPhone.Deploy.0 = Release|Any CPU
		{9C0CD475-C14B-4DC2-AF13-4B8F00840D42}.Ad-Hoc|iPhoneSimulator.ActiveCfg = Release|Any CPU
		{9C0CD475-C14B-4DC2-AF13-4B8F00840D42}.Ad-Hoc|iPhoneSimulator.Build.0 = Release|Any CPU
		{9C0CD475-C14B-4DC2-AF13-4B8F00840D42}.Ad-Hoc|iPhoneSimulator.Deploy.0 = Release|Any CPU
		{9C0CD475-C14B-4DC2-AF13-4B8F00840D42}.Ad-Hoc|x64.ActiveCfg = Release|Any CPU
		{9C0CD475-C14B-4DC2-AF13-4B8F00840D42}.Ad-Hoc|x64.Build.0 = Release|Any CPU
		{9C0CD475-C14B-4DC2-AF13-4B8F00840D42}.Ad-Hoc|x64.Deploy.0 = Release|Any CPU
		{9C0CD475-C14B-4DC2-AF13-4B8F00840D42}.Ad-Hoc|x86.ActiveCfg = Release|Any CPU
		{9C0CD475-C14B-4DC2-AF13-4B8F00840D42}.Ad-Hoc|x86.Build.0 = Release|Any CPU
		{9C0CD475-C14B-4DC2-AF13-4B8F00840D42}.Ad-Hoc|x86.Deploy.0 = Release|Any CPU
		{9C0CD475-C14B-4DC2-AF13-4B8F00840D42}.AppStore|Any CPU.ActiveCfg = Release|Any CPU
		{9C0CD475-C14B-4DC2-AF13-4B8F00840D42}.AppStore|Any CPU.Build.0 = Release|Any CPU
		{9C0CD475-C14B-4DC2-AF13-4B8F00840D42}.AppStore|Any CPU.Deploy.0 = Release|Any CPU
		{9C0CD475-C14B-4DC2-AF13-4B8F00840D42}.AppStore|ARM.ActiveCfg = Release|Any CPU
		{9C0CD475-C14B-4DC2-AF13-4B8F00840D42}.AppStore|ARM.Build.0 = Release|Any CPU
		{9C0CD475-C14B-4DC2-AF13-4B8F00840D42}.AppStore|ARM.Deploy.0 = Release|Any CPU
		{9C0CD475-C14B-4DC2-AF13-4B8F00840D42}.AppStore|iPhone.ActiveCfg = Release|Any CPU
		{9C0CD475-C14B-4DC2-AF13-4B8F00840D42}.AppStore|iPhone.Build.0 = Release|Any CPU
		{9C0CD475-C14B-4DC2-AF13-4B8F00840D42}.AppStore|iPhone.Deploy.0 = Release|Any CPU
		{9C0CD475-C14B-4DC2-AF13-4B8F00840D42}.AppStore|iPhoneSimulator.ActiveCfg = Release|Any CPU
		{9C0CD475-C14B-4DC2-AF13-4B8F00840D42}.AppStore|iPhoneSimulator.Build.0 = Release|Any CPU
		{9C0CD475-C14B-4DC2-AF13-4B8F00840D42}.AppStore|iPhoneSimulator.Deploy.0 = Release|Any CPU
		{9C0CD475-C14B-4DC2-AF13-4B8F00840D42}.AppStore|x64.ActiveCfg = Release|Any CPU
		{9C0CD475-C14B-4DC2-AF13-4B8F00840D42}.AppStore|x64.Build.0 = Release|Any CPU
		{9C0CD475-C14B-4DC2-AF13-4B8F00840D42}.AppStore|x64.Deploy.0 = Release|Any CPU
		{9C0CD475-C14B-4DC2-AF13-4B8F00840D42}.AppStore|x86.ActiveCfg = Release|Any CPU
		{9C0CD475-C14B-4DC2-AF13-4B8F00840D42}.AppStore|x86.Build.0 = Release|Any CPU
		{9C0CD475-C14B-4DC2-AF13-4B8F00840D42}.AppStore|x86.Deploy.0 = Release|Any CPU
		{9C0CD475-C14B-4DC2-AF13-4B8F00840D42}.Debug|Any CPU.ActiveCfg = Debug|Any CPU
		{9C0CD475-C14B-4DC2-AF13-4B8F00840D42}.Debug|Any CPU.Build.0 = Debug|Any CPU
		{9C0CD475-C14B-4DC2-AF13-4B8F00840D42}.Debug|Any CPU.Deploy.0 = Debug|Any CPU
		{9C0CD475-C14B-4DC2-AF13-4B8F00840D42}.Debug|ARM.ActiveCfg = Debug|Any CPU
		{9C0CD475-C14B-4DC2-AF13-4B8F00840D42}.Debug|ARM.Build.0 = Debug|Any CPU
		{9C0CD475-C14B-4DC2-AF13-4B8F00840D42}.Debug|ARM.Deploy.0 = Debug|Any CPU
		{9C0CD475-C14B-4DC2-AF13-4B8F00840D42}.Debug|iPhone.ActiveCfg = Debug|Any CPU
		{9C0CD475-C14B-4DC2-AF13-4B8F00840D42}.Debug|iPhone.Build.0 = Debug|Any CPU
		{9C0CD475-C14B-4DC2-AF13-4B8F00840D42}.Debug|iPhone.Deploy.0 = Debug|Any CPU
		{9C0CD475-C14B-4DC2-AF13-4B8F00840D42}.Debug|iPhoneSimulator.ActiveCfg = Debug|Any CPU
		{9C0CD475-C14B-4DC2-AF13-4B8F00840D42}.Debug|iPhoneSimulator.Build.0 = Debug|Any CPU
		{9C0CD475-C14B-4DC2-AF13-4B8F00840D42}.Debug|iPhoneSimulator.Deploy.0 = Debug|Any CPU
		{9C0CD475-C14B-4DC2-AF13-4B8F00840D42}.Debug|x64.ActiveCfg = Debug|Any CPU
		{9C0CD475-C14B-4DC2-AF13-4B8F00840D42}.Debug|x64.Build.0 = Debug|Any CPU
		{9C0CD475-C14B-4DC2-AF13-4B8F00840D42}.Debug|x64.Deploy.0 = Debug|Any CPU
		{9C0CD475-C14B-4DC2-AF13-4B8F00840D42}.Debug|x86.ActiveCfg = Debug|Any CPU
		{9C0CD475-C14B-4DC2-AF13-4B8F00840D42}.Debug|x86.Build.0 = Debug|Any CPU
		{9C0CD475-C14B-4DC2-AF13-4B8F00840D42}.Debug|x86.Deploy.0 = Debug|Any CPU
		{9C0CD475-C14B-4DC2-AF13-4B8F00840D42}.Release|Any CPU.ActiveCfg = Release|Any CPU
		{9C0CD475-C14B-4DC2-AF13-4B8F00840D42}.Release|Any CPU.Build.0 = Release|Any CPU
		{9C0CD475-C14B-4DC2-AF13-4B8F00840D42}.Release|Any CPU.Deploy.0 = Release|Any CPU
		{9C0CD475-C14B-4DC2-AF13-4B8F00840D42}.Release|ARM.ActiveCfg = Release|Any CPU
		{9C0CD475-C14B-4DC2-AF13-4B8F00840D42}.Release|ARM.Build.0 = Release|Any CPU
		{9C0CD475-C14B-4DC2-AF13-4B8F00840D42}.Release|ARM.Deploy.0 = Release|Any CPU
		{9C0CD475-C14B-4DC2-AF13-4B8F00840D42}.Release|iPhone.ActiveCfg = Release|Any CPU
		{9C0CD475-C14B-4DC2-AF13-4B8F00840D42}.Release|iPhone.Build.0 = Release|Any CPU
		{9C0CD475-C14B-4DC2-AF13-4B8F00840D42}.Release|iPhone.Deploy.0 = Release|Any CPU
		{9C0CD475-C14B-4DC2-AF13-4B8F00840D42}.Release|iPhoneSimulator.ActiveCfg = Release|Any CPU
		{9C0CD475-C14B-4DC2-AF13-4B8F00840D42}.Release|iPhoneSimulator.Build.0 = Release|Any CPU
		{9C0CD475-C14B-4DC2-AF13-4B8F00840D42}.Release|iPhoneSimulator.Deploy.0 = Release|Any CPU
		{9C0CD475-C14B-4DC2-AF13-4B8F00840D42}.Release|x64.ActiveCfg = Release|Any CPU
		{9C0CD475-C14B-4DC2-AF13-4B8F00840D42}.Release|x64.Build.0 = Release|Any CPU
		{9C0CD475-C14B-4DC2-AF13-4B8F00840D42}.Release|x64.Deploy.0 = Release|Any CPU
		{9C0CD475-C14B-4DC2-AF13-4B8F00840D42}.Release|x86.ActiveCfg = Release|Any CPU
		{9C0CD475-C14B-4DC2-AF13-4B8F00840D42}.Release|x86.Build.0 = Release|Any CPU
		{9C0CD475-C14B-4DC2-AF13-4B8F00840D42}.Release|x86.Deploy.0 = Release|Any CPU
		{6AC84A1F-1CB1-4FB0-9827-B74BBAA4E88E}.Ad-Hoc|Any CPU.ActiveCfg = Release|Any CPU
		{6AC84A1F-1CB1-4FB0-9827-B74BBAA4E88E}.Ad-Hoc|Any CPU.Build.0 = Release|Any CPU
		{6AC84A1F-1CB1-4FB0-9827-B74BBAA4E88E}.Ad-Hoc|ARM.ActiveCfg = Release|Any CPU
		{6AC84A1F-1CB1-4FB0-9827-B74BBAA4E88E}.Ad-Hoc|ARM.Build.0 = Release|Any CPU
		{6AC84A1F-1CB1-4FB0-9827-B74BBAA4E88E}.Ad-Hoc|iPhone.ActiveCfg = Release|Any CPU
		{6AC84A1F-1CB1-4FB0-9827-B74BBAA4E88E}.Ad-Hoc|iPhone.Build.0 = Release|Any CPU
		{6AC84A1F-1CB1-4FB0-9827-B74BBAA4E88E}.Ad-Hoc|iPhoneSimulator.ActiveCfg = Release|Any CPU
		{6AC84A1F-1CB1-4FB0-9827-B74BBAA4E88E}.Ad-Hoc|iPhoneSimulator.Build.0 = Release|Any CPU
		{6AC84A1F-1CB1-4FB0-9827-B74BBAA4E88E}.Ad-Hoc|x64.ActiveCfg = Release|Any CPU
		{6AC84A1F-1CB1-4FB0-9827-B74BBAA4E88E}.Ad-Hoc|x64.Build.0 = Release|Any CPU
		{6AC84A1F-1CB1-4FB0-9827-B74BBAA4E88E}.Ad-Hoc|x86.ActiveCfg = Release|Any CPU
		{6AC84A1F-1CB1-4FB0-9827-B74BBAA4E88E}.Ad-Hoc|x86.Build.0 = Release|Any CPU
		{6AC84A1F-1CB1-4FB0-9827-B74BBAA4E88E}.AppStore|Any CPU.ActiveCfg = Release|Any CPU
		{6AC84A1F-1CB1-4FB0-9827-B74BBAA4E88E}.AppStore|Any CPU.Build.0 = Release|Any CPU
		{6AC84A1F-1CB1-4FB0-9827-B74BBAA4E88E}.AppStore|ARM.ActiveCfg = Release|Any CPU
		{6AC84A1F-1CB1-4FB0-9827-B74BBAA4E88E}.AppStore|ARM.Build.0 = Release|Any CPU
		{6AC84A1F-1CB1-4FB0-9827-B74BBAA4E88E}.AppStore|iPhone.ActiveCfg = Release|Any CPU
		{6AC84A1F-1CB1-4FB0-9827-B74BBAA4E88E}.AppStore|iPhone.Build.0 = Release|Any CPU
		{6AC84A1F-1CB1-4FB0-9827-B74BBAA4E88E}.AppStore|iPhoneSimulator.ActiveCfg = Release|Any CPU
		{6AC84A1F-1CB1-4FB0-9827-B74BBAA4E88E}.AppStore|iPhoneSimulator.Build.0 = Release|Any CPU
		{6AC84A1F-1CB1-4FB0-9827-B74BBAA4E88E}.AppStore|x64.ActiveCfg = Release|Any CPU
		{6AC84A1F-1CB1-4FB0-9827-B74BBAA4E88E}.AppStore|x64.Build.0 = Release|Any CPU
		{6AC84A1F-1CB1-4FB0-9827-B74BBAA4E88E}.AppStore|x86.ActiveCfg = Release|Any CPU
		{6AC84A1F-1CB1-4FB0-9827-B74BBAA4E88E}.AppStore|x86.Build.0 = Release|Any CPU
		{6AC84A1F-1CB1-4FB0-9827-B74BBAA4E88E}.Debug|Any CPU.ActiveCfg = Debug|Any CPU
		{6AC84A1F-1CB1-4FB0-9827-B74BBAA4E88E}.Debug|Any CPU.Build.0 = Debug|Any CPU
		{6AC84A1F-1CB1-4FB0-9827-B74BBAA4E88E}.Debug|ARM.ActiveCfg = Debug|Any CPU
		{6AC84A1F-1CB1-4FB0-9827-B74BBAA4E88E}.Debug|ARM.Build.0 = Debug|Any CPU
		{6AC84A1F-1CB1-4FB0-9827-B74BBAA4E88E}.Debug|iPhone.ActiveCfg = Debug|Any CPU
		{6AC84A1F-1CB1-4FB0-9827-B74BBAA4E88E}.Debug|iPhone.Build.0 = Debug|Any CPU
		{6AC84A1F-1CB1-4FB0-9827-B74BBAA4E88E}.Debug|iPhoneSimulator.ActiveCfg = Debug|Any CPU
		{6AC84A1F-1CB1-4FB0-9827-B74BBAA4E88E}.Debug|iPhoneSimulator.Build.0 = Debug|Any CPU
		{6AC84A1F-1CB1-4FB0-9827-B74BBAA4E88E}.Debug|x64.ActiveCfg = Debug|Any CPU
		{6AC84A1F-1CB1-4FB0-9827-B74BBAA4E88E}.Debug|x64.Build.0 = Debug|Any CPU
		{6AC84A1F-1CB1-4FB0-9827-B74BBAA4E88E}.Debug|x86.ActiveCfg = Debug|Any CPU
		{6AC84A1F-1CB1-4FB0-9827-B74BBAA4E88E}.Debug|x86.Build.0 = Debug|Any CPU
		{6AC84A1F-1CB1-4FB0-9827-B74BBAA4E88E}.Release|Any CPU.ActiveCfg = Release|Any CPU
		{6AC84A1F-1CB1-4FB0-9827-B74BBAA4E88E}.Release|Any CPU.Build.0 = Release|Any CPU
		{6AC84A1F-1CB1-4FB0-9827-B74BBAA4E88E}.Release|ARM.ActiveCfg = Release|Any CPU
		{6AC84A1F-1CB1-4FB0-9827-B74BBAA4E88E}.Release|ARM.Build.0 = Release|Any CPU
		{6AC84A1F-1CB1-4FB0-9827-B74BBAA4E88E}.Release|iPhone.ActiveCfg = Release|Any CPU
		{6AC84A1F-1CB1-4FB0-9827-B74BBAA4E88E}.Release|iPhone.Build.0 = Release|Any CPU
		{6AC84A1F-1CB1-4FB0-9827-B74BBAA4E88E}.Release|iPhoneSimulator.ActiveCfg = Release|Any CPU
		{6AC84A1F-1CB1-4FB0-9827-B74BBAA4E88E}.Release|iPhoneSimulator.Build.0 = Release|Any CPU
		{6AC84A1F-1CB1-4FB0-9827-B74BBAA4E88E}.Release|x64.ActiveCfg = Release|Any CPU
		{6AC84A1F-1CB1-4FB0-9827-B74BBAA4E88E}.Release|x64.Build.0 = Release|Any CPU
		{6AC84A1F-1CB1-4FB0-9827-B74BBAA4E88E}.Release|x86.ActiveCfg = Release|Any CPU
		{6AC84A1F-1CB1-4FB0-9827-B74BBAA4E88E}.Release|x86.Build.0 = Release|Any CPU
		{5DBF859D-04D9-47B8-897C-B5A79DDCF9A3}.Ad-Hoc|Any CPU.ActiveCfg = Release|Any CPU
		{5DBF859D-04D9-47B8-897C-B5A79DDCF9A3}.Ad-Hoc|Any CPU.Build.0 = Release|Any CPU
		{5DBF859D-04D9-47B8-897C-B5A79DDCF9A3}.Ad-Hoc|ARM.ActiveCfg = Release|Any CPU
		{5DBF859D-04D9-47B8-897C-B5A79DDCF9A3}.Ad-Hoc|ARM.Build.0 = Release|Any CPU
		{5DBF859D-04D9-47B8-897C-B5A79DDCF9A3}.Ad-Hoc|iPhone.ActiveCfg = Release|Any CPU
		{5DBF859D-04D9-47B8-897C-B5A79DDCF9A3}.Ad-Hoc|iPhone.Build.0 = Release|Any CPU
		{5DBF859D-04D9-47B8-897C-B5A79DDCF9A3}.Ad-Hoc|iPhoneSimulator.ActiveCfg = Release|Any CPU
		{5DBF859D-04D9-47B8-897C-B5A79DDCF9A3}.Ad-Hoc|iPhoneSimulator.Build.0 = Release|Any CPU
		{5DBF859D-04D9-47B8-897C-B5A79DDCF9A3}.Ad-Hoc|x64.ActiveCfg = Release|Any CPU
		{5DBF859D-04D9-47B8-897C-B5A79DDCF9A3}.Ad-Hoc|x64.Build.0 = Release|Any CPU
		{5DBF859D-04D9-47B8-897C-B5A79DDCF9A3}.Ad-Hoc|x86.ActiveCfg = Release|Any CPU
		{5DBF859D-04D9-47B8-897C-B5A79DDCF9A3}.Ad-Hoc|x86.Build.0 = Release|Any CPU
		{5DBF859D-04D9-47B8-897C-B5A79DDCF9A3}.AppStore|Any CPU.ActiveCfg = Release|Any CPU
		{5DBF859D-04D9-47B8-897C-B5A79DDCF9A3}.AppStore|Any CPU.Build.0 = Release|Any CPU
		{5DBF859D-04D9-47B8-897C-B5A79DDCF9A3}.AppStore|ARM.ActiveCfg = Release|Any CPU
		{5DBF859D-04D9-47B8-897C-B5A79DDCF9A3}.AppStore|ARM.Build.0 = Release|Any CPU
		{5DBF859D-04D9-47B8-897C-B5A79DDCF9A3}.AppStore|iPhone.ActiveCfg = Release|Any CPU
		{5DBF859D-04D9-47B8-897C-B5A79DDCF9A3}.AppStore|iPhone.Build.0 = Release|Any CPU
		{5DBF859D-04D9-47B8-897C-B5A79DDCF9A3}.AppStore|iPhoneSimulator.ActiveCfg = Release|Any CPU
		{5DBF859D-04D9-47B8-897C-B5A79DDCF9A3}.AppStore|iPhoneSimulator.Build.0 = Release|Any CPU
		{5DBF859D-04D9-47B8-897C-B5A79DDCF9A3}.AppStore|x64.ActiveCfg = Release|Any CPU
		{5DBF859D-04D9-47B8-897C-B5A79DDCF9A3}.AppStore|x64.Build.0 = Release|Any CPU
		{5DBF859D-04D9-47B8-897C-B5A79DDCF9A3}.AppStore|x86.ActiveCfg = Release|Any CPU
		{5DBF859D-04D9-47B8-897C-B5A79DDCF9A3}.AppStore|x86.Build.0 = Release|Any CPU
		{5DBF859D-04D9-47B8-897C-B5A79DDCF9A3}.Debug|Any CPU.ActiveCfg = Debug|Any CPU
		{5DBF859D-04D9-47B8-897C-B5A79DDCF9A3}.Debug|Any CPU.Build.0 = Debug|Any CPU
		{5DBF859D-04D9-47B8-897C-B5A79DDCF9A3}.Debug|ARM.ActiveCfg = Debug|Any CPU
		{5DBF859D-04D9-47B8-897C-B5A79DDCF9A3}.Debug|ARM.Build.0 = Debug|Any CPU
		{5DBF859D-04D9-47B8-897C-B5A79DDCF9A3}.Debug|iPhone.ActiveCfg = Debug|Any CPU
		{5DBF859D-04D9-47B8-897C-B5A79DDCF9A3}.Debug|iPhone.Build.0 = Debug|Any CPU
		{5DBF859D-04D9-47B8-897C-B5A79DDCF9A3}.Debug|iPhoneSimulator.ActiveCfg = Debug|Any CPU
		{5DBF859D-04D9-47B8-897C-B5A79DDCF9A3}.Debug|iPhoneSimulator.Build.0 = Debug|Any CPU
		{5DBF859D-04D9-47B8-897C-B5A79DDCF9A3}.Debug|x64.ActiveCfg = Debug|Any CPU
		{5DBF859D-04D9-47B8-897C-B5A79DDCF9A3}.Debug|x64.Build.0 = Debug|Any CPU
		{5DBF859D-04D9-47B8-897C-B5A79DDCF9A3}.Debug|x86.ActiveCfg = Debug|Any CPU
		{5DBF859D-04D9-47B8-897C-B5A79DDCF9A3}.Debug|x86.Build.0 = Debug|Any CPU
		{5DBF859D-04D9-47B8-897C-B5A79DDCF9A3}.Release|Any CPU.ActiveCfg = Release|Any CPU
		{5DBF859D-04D9-47B8-897C-B5A79DDCF9A3}.Release|Any CPU.Build.0 = Release|Any CPU
		{5DBF859D-04D9-47B8-897C-B5A79DDCF9A3}.Release|ARM.ActiveCfg = Release|Any CPU
		{5DBF859D-04D9-47B8-897C-B5A79DDCF9A3}.Release|ARM.Build.0 = Release|Any CPU
		{5DBF859D-04D9-47B8-897C-B5A79DDCF9A3}.Release|iPhone.ActiveCfg = Release|Any CPU
		{5DBF859D-04D9-47B8-897C-B5A79DDCF9A3}.Release|iPhone.Build.0 = Release|Any CPU
		{5DBF859D-04D9-47B8-897C-B5A79DDCF9A3}.Release|iPhoneSimulator.ActiveCfg = Release|Any CPU
		{5DBF859D-04D9-47B8-897C-B5A79DDCF9A3}.Release|iPhoneSimulator.Build.0 = Release|Any CPU
		{5DBF859D-04D9-47B8-897C-B5A79DDCF9A3}.Release|x64.ActiveCfg = Release|Any CPU
		{5DBF859D-04D9-47B8-897C-B5A79DDCF9A3}.Release|x64.Build.0 = Release|Any CPU
		{5DBF859D-04D9-47B8-897C-B5A79DDCF9A3}.Release|x86.ActiveCfg = Release|Any CPU
		{5DBF859D-04D9-47B8-897C-B5A79DDCF9A3}.Release|x86.Build.0 = Release|Any CPU
	EndGlobalSection
	GlobalSection(SolutionProperties) = preSolution
		HideSolutionNode = FALSE
	EndGlobalSection
	GlobalSection(ExtensibilityGlobals) = postSolution
		SolutionGuid = {450C7C32-035B-4C5B-BE2E-3F4AFB7B25B7}
	EndGlobalSection
EndGlobal
